
Microsoft Visual Studio Solution File, Format Version 12.00
# Visual Studio Version 17
VisualStudioVersion = 17.11.35327.3
MinimumVisualStudioVersion = 10.0.40219.1
Project("{FAE04EC0-301F-11D3-BF4B-00C04F79EFBC}") = "Doc", "Doc\Doc.csproj", "{E93AD733-733F-4954-943D-5B60FA085A3B}"
EndProject
Global
	GlobalSection(SolutionConfigurationPlatforms) = preSolution
		Debug|Any CPU = Debug|Any CPU
		Release|Any CPU = Release|Any CPU
	EndGlobalSection
	GlobalSection(ProjectConfigurationPlatforms) = postSolution
		{E93AD733-733F-4954-943D-5B60FA085A3B}.Debug|Any CPU.ActiveCfg = Debug|Any CPU
		{E93AD733-733F-4954-943D-5B60FA085A3B}.Debug|Any CPU.Build.0 = Debug|Any CPU
		{E93AD733-733F-4954-943D-5B60FA085A3B}.Release|Any CPU.ActiveCfg = Release|Any CPU
		{E93AD733-733F-4954-943D-5B60FA085A3B}.Release|Any CPU.Build.0 = Release|Any CPU
	EndGlobalSection
	GlobalSection(SolutionProperties) = preSolution
		HideSolutionNode = FALSE
	EndGlobalSection
	GlobalSection(ExtensibilityGlobals) = postSolution
		SolutionGuid = {CB0CEE1E-2276-4F26-915E-A1A4239F0164}
	EndGlobalSection
EndGlobal
